
Microsoft Visual Studio Solution File, Format Version 12.00
# Visual Studio Version 17
VisualStudioVersion = 17.5.33424.131
MinimumVisualStudioVersion = 10.0.40219.1
Project("{8BC9CEB8-8B4A-11D0-8D11-00A0C91BC942}") = "mbrStatic", "mbrStatic\mbrStatic.vcxproj", "{F1A621ED-E022-4469-8547-2EFC4F26F18B}"
EndProject
Project("{8BC9CEB8-8B4A-11D0-8D11-00A0C91BC942}") = "mbrStaticfunc", "mbrStaticfunc\mbrStaticfunc.vcxproj", "{259A153F-A4C6-45BF-87C4-53241B5DDE50}"
EndProject
Project("{8BC9CEB8-8B4A-11D0-8D11-00A0C91BC942}") = "constructor", "constructor\constructor.vcxproj", "{1B17B2DB-3F1F-4C20-BB93-DAD2FC24FEF4}"
EndProject
Project("{8BC9CEB8-8B4A-11D0-8D11-00A0C91BC942}") = "destructor", "destructor\destructor.vcxproj", "{71A42E7F-62DA-4214-81C5-E2E72886D904}"
EndProject
Global
	GlobalSection(SolutionConfigurationPlatforms) = preSolution
		Debug|x64 = Debug|x64
		Debug|x86 = Debug|x86
		Release|x64 = Release|x64
		Release|x86 = Release|x86
	EndGlobalSection
	GlobalSection(ProjectConfigurationPlatforms) = postSolution
		{F1A621ED-E022-4469-8547-2EFC4F26F18B}.Debug|x64.ActiveCfg = Debug|x64
		{F1A621ED-E022-4469-8547-2EFC4F26F18B}.Debug|x64.Build.0 = Debug|x64
		{F1A621ED-E022-4469-8547-2EFC4F26F18B}.Debug|x86.ActiveCfg = Debug|Win32
		{F1A621ED-E022-4469-8547-2EFC4F26F18B}.Debug|x86.Build.0 = Debug|Win32
		{F1A621ED-E022-4469-8547-2EFC4F26F18B}.Release|x64.ActiveCfg = Release|x64
		{F1A621ED-E022-4469-8547-2EFC4F26F18B}.Release|x64.Build.0 = Release|x64
		{F1A621ED-E022-4469-8547-2EFC4F26F18B}.Release|x86.ActiveCfg = Release|Win32
		{F1A621ED-E022-4469-8547-2EFC4F26F18B}.Release|x86.Build.0 = Release|Win32
		{259A153F-A4C6-45BF-87C4-53241B5DDE50}.Debug|x64.ActiveCfg = Debug|x64
		{259A153F-A4C6-45BF-87C4-53241B5DDE50}.Debug|x64.Build.0 = Debug|x64
		{259A153F-A4C6-45BF-87C4-53241B5DDE50}.Debug|x86.ActiveCfg = Debug|Win32
		{259A153F-A4C6-45BF-87C4-53241B5DDE50}.Debug|x86.Build.0 = Debug|Win32
		{259A153F-A4C6-45BF-87C4-53241B5DDE50}.Release|x64.ActiveCfg = Release|x64
		{259A153F-A4C6-45BF-87C4-53241B5DDE50}.Release|x64.Build.0 = Release|x64
		{259A153F-A4C6-45BF-87C4-53241B5DDE50}.Release|x86.ActiveCfg = Release|Win32
		{259A153F-A4C6-45BF-87C4-53241B5DDE50}.Release|x86.Build.0 = Release|Win32
		{1B17B2DB-3F1F-4C20-BB93-DAD2FC24FEF4}.Debug|x64.ActiveCfg = Debug|x64
		{1B17B2DB-3F1F-4C20-BB93-DAD2FC24FEF4}.Debug|x64.Build.0 = Debug|x64
		{1B17B2DB-3F1F-4C20-BB93-DAD2FC24FEF4}.Debug|x86.ActiveCfg = Debug|Win32
		{1B17B2DB-3F1F-4C20-BB93-DAD2FC24FEF4}.Debug|x86.Build.0 = Debug|Win32
		{1B17B2DB-3F1F-4C20-BB93-DAD2FC24FEF4}.Release|x64.ActiveCfg = Release|x64
		{1B17B2DB-3F1F-4C20-BB93-DAD2FC24FEF4}.Release|x64.Build.0 = Release|x64
		{1B17B2DB-3F1F-4C20-BB93-DAD2FC24FEF4}.Release|x86.ActiveCfg = Release|Win32
		{1B17B2DB-3F1F-4C20-BB93-DAD2FC24FEF4}.Release|x86.Build.0 = Release|Win32
		{71A42E7F-62DA-4214-81C5-E2E72886D904}.Debug|x64.ActiveCfg = Debug|x64
		{71A42E7F-62DA-4214-81C5-E2E72886D904}.Debug|x64.Build.0 = Debug|x64
		{71A42E7F-62DA-4214-81C5-E2E72886D904}.Debug|x86.ActiveCfg = Debug|Win32
		{71A42E7F-62DA-4214-81C5-E2E72886D904}.Debug|x86.Build.0 = Debug|Win32
		{71A42E7F-62DA-4214-81C5-E2E72886D904}.Release|x64.ActiveCfg = Release|x64
		{71A42E7F-62DA-4214-81C5-E2E72886D904}.Release|x64.Build.0 = Release|x64
		{71A42E7F-62DA-4214-81C5-E2E72886D904}.Release|x86.ActiveCfg = Release|Win32
		{71A42E7F-62DA-4214-81C5-E2E72886D904}.Release|x86.Build.0 = Release|Win32
	EndGlobalSection
	GlobalSection(SolutionProperties) = preSolution
		HideSolutionNode = FALSE
	EndGlobalSection
	GlobalSection(ExtensibilityGlobals) = postSolution
		SolutionGuid = {44555A0B-2A06-41F6-B08A-906B1FC38BC3}
	EndGlobalSection
EndGlobal
